<Solution>
  <Configurations>
    <Platform Name="Any CPU" />
    <Platform Name="x64" />
    <Platform Name="x86" />
  </Configurations>
  <Folder Name="/docs/">
    <File Path="docs/API_TESTING_GUIDE.md" />
    <File Path="docs/ASPIRE_LOCAL_DEV.md" />
  </Folder>
  <Folder Name="/src/">
    <Project Path="src/MusicAlbums.Api/MusicAlbums.Api.csproj" />
    <Project Path="src/MusicAlbums.Application/MusicAlbums.Application.csproj" />
    <Project Path="src/MusicAlbums.Contracts/MusicAlbums.Contracts.csproj" />
    <Project Path="src/MusicAlbums.AppHost/MusicAlbums.AppHost.csproj" />
    <Project Path="src/MusicAlbums.ServiceDefaults/MusicAlbums.ServiceDefaults.csproj" />
  </Folder>
  <Folder Name="/tests/">
    <Project Path="tests\MusicAlbums.Integration.Tests\MusicAlbums.Integration.Tests.csproj" />
    <Project Path="tests\MusicAlbums.Unit.Tests\MusicAlbums.Unit.Tests.csproj" />
  </Folder>
  <Folder Name="/tools/">
    <File Path="tools/MusicAlbumsApi.postman_collection.json" />
    <Project Path="tools/Identity.Api/Identity.Api.csproj" />
  </Folder>
</Solution>
