Microsoft Visual Studio Solution File, Format Version 12.00
# Visual Studio Version 18
VisualStudioVersion = 18.2.11415.280 d18.0
MinimumVisualStudioVersion = 10.0.40219.1
Project("{FAE04EC0-301F-11D3-BF4B-00C04F79EFBC}") = "MusicAlbums.Api", "src\MusicAlbums.Api\MusicAlbums.Api.csproj", "{1AEAB0BC-8B2F-4F89-B72B-023E05FF3D13}"
EndProject
Project("{FAE04EC0-301F-11D3-BF4B-00C04F79EFBC}") = "MusicAlbums.Application", "src\MusicAlbums.Application\MusicAlbums.Application.csproj", "{1D1C5831-C548-4C6F-BBC9-5666282964D1}"
EndProject
Project("{FAE04EC0-301F-11D3-BF4B-00C04F79EFBC}") = "MusicAlbums.Contracts", "src\MusicAlbums.Contracts\MusicAlbums.Contracts.csproj", "{55C33ABE-F3DC-4C0A-9841-3282BFAF7DBB}"
EndProject
Project("{FAE04EC0-301F-11D3-BF4B-00C04F79EFBC}") = "Identity.Api", "tools\Identity.Api\Identity.Api.csproj", "{66F55D7E-69FE-4819-AB24-E91881A70ED8}"
EndProject
Project("{2150E333-8FDC-42A3-9474-1A3956D46DE8}") = "src", "src", "{A1B2C3D4-E5F6-7890-1234-567890ABCDEF}"
EndProject
Project("{2150E333-8FDC-42A3-9474-1A3956D46DE8}") = "tools", "tools", "{5E831D00-D53E-4E20-9C20-CD1FA102B713}"
	ProjectSection(SolutionItems) = preProject
		tools\MusicAlbumsApi.postman_collection.json = tools\MusicAlbumsApi.postman_collection.json
	EndProjectSection
EndProject
Project("{2150E333-8FDC-42A3-9474-1A3956D46DE8}") = "tests", "tests", "{99C42CB5-A681-448C-8457-7E5687A03990}"
EndProject
Project("{FAE04EC0-301F-11D3-BF4B-00C04F79EFBC}") = "MusicAlbums.Api.Tests.Integration", "tests\MusicAlbums.Api.Tests.Integration\MusicAlbums.Api.Tests.Integration.csproj", "{009F8898-BF04-478F-A0F0-3BFD0D513175}"
EndProject
Project("{FAE04EC0-301F-11D3-BF4B-00C04F79EFBC}") = "MusicAlbums.Application.Tests.Unit", "tests\MusicAlbums.Application.Tests.Unit\MusicAlbums.Application.Tests.Unit.csproj", "{DF4CBC36-B7F3-4EB2-95EB-51AD700314CD}"
EndProject
Project("{2150E333-8FDC-42A3-9474-1A3956D46DE8}") = "docs", "docs", "{B3175E1C-444A-471B-A54C-D0776D870418}"
	ProjectSection(SolutionItems) = preProject
		docs\API_TESTING_GUIDE.md = docs\API_TESTING_GUIDE.md
	EndProjectSection
EndProject
Global
	GlobalSection(SolutionConfigurationPlatforms) = preSolution
		Debug|Any CPU = Debug|Any CPU
		Release|Any CPU = Release|Any CPU
	EndGlobalSection
	GlobalSection(ProjectConfigurationPlatforms) = postSolution
		{1AEAB0BC-8B2F-4F89-B72B-023E05FF3D13}.Debug|Any CPU.ActiveCfg = Debug|Any CPU
		{1AEAB0BC-8B2F-4F89-B72B-023E05FF3D13}.Debug|Any CPU.Build.0 = Debug|Any CPU
		{1AEAB0BC-8B2F-4F89-B72B-023E05FF3D13}.Release|Any CPU.ActiveCfg = Release|Any CPU
		{1AEAB0BC-8B2F-4F89-B72B-023E05FF3D13}.Release|Any CPU.Build.0 = Release|Any CPU
		{1D1C5831-C548-4C6F-BBC9-5666282964D1}.Debug|Any CPU.ActiveCfg = Debug|Any CPU
		{1D1C5831-C548-4C6F-BBC9-5666282964D1}.Debug|Any CPU.Build.0 = Debug|Any CPU
		{1D1C5831-C548-4C6F-BBC9-5666282964D1}.Release|Any CPU.ActiveCfg = Release|Any CPU
		{1D1C5831-C548-4C6F-BBC9-5666282964D1}.Release|Any CPU.Build.0 = Release|Any CPU
		{55C33ABE-F3DC-4C0A-9841-3282BFAF7DBB}.Debug|Any CPU.ActiveCfg = Debug|Any CPU
		{55C33ABE-F3DC-4C0A-9841-3282BFAF7DBB}.Debug|Any CPU.Build.0 = Debug|Any CPU
		{55C33ABE-F3DC-4C0A-9841-3282BFAF7DBB}.Release|Any CPU.ActiveCfg = Release|Any CPU
		{55C33ABE-F3DC-4C0A-9841-3282BFAF7DBB}.Release|Any CPU.Build.0 = Release|Any CPU
		{66F55D7E-69FE-4819-AB24-E91881A70ED8}.Debug|Any CPU.ActiveCfg = Debug|Any CPU
		{66F55D7E-69FE-4819-AB24-E91881A70ED8}.Debug|Any CPU.Build.0 = Debug|Any CPU
		{66F55D7E-69FE-4819-AB24-E91881A70ED8}.Release|Any CPU.ActiveCfg = Release|Any CPU
		{66F55D7E-69FE-4819-AB24-E91881A70ED8}.Release|Any CPU.Build.0 = Release|Any CPU
		{009F8898-BF04-478F-A0F0-3BFD0D513175}.Debug|Any CPU.ActiveCfg = Debug|Any CPU
		{009F8898-BF04-478F-A0F0-3BFD0D513175}.Debug|Any CPU.Build.0 = Debug|Any CPU
		{009F8898-BF04-478F-A0F0-3BFD0D513175}.Release|Any CPU.ActiveCfg = Release|Any CPU
		{009F8898-BF04-478F-A0F0-3BFD0D513175}.Release|Any CPU.Build.0 = Release|Any CPU
		{DF4CBC36-B7F3-4EB2-95EB-51AD700314CD}.Debug|Any CPU.ActiveCfg = Debug|Any CPU
		{DF4CBC36-B7F3-4EB2-95EB-51AD700314CD}.Debug|Any CPU.Build.0 = Debug|Any CPU
		{DF4CBC36-B7F3-4EB2-95EB-51AD700314CD}.Release|Any CPU.ActiveCfg = Release|Any CPU
		{DF4CBC36-B7F3-4EB2-95EB-51AD700314CD}.Release|Any CPU.Build.0 = Release|Any CPU
	EndGlobalSection
	GlobalSection(SolutionProperties) = preSolution
		HideSolutionNode = FALSE
	EndGlobalSection
	GlobalSection(NestedProjects) = preSolution
		{1AEAB0BC-8B2F-4F89-B72B-023E05FF3D13} = {A1B2C3D4-E5F6-7890-1234-567890ABCDEF}
		{1D1C5831-C548-4C6F-BBC9-5666282964D1} = {A1B2C3D4-E5F6-7890-1234-567890ABCDEF}
		{55C33ABE-F3DC-4C0A-9841-3282BFAF7DBB} = {A1B2C3D4-E5F6-7890-1234-567890ABCDEF}
		{009F8898-BF04-478F-A0F0-3BFD0D513175} = {99C42CB5-A681-448C-8457-7E5687A03990}
		{DF4CBC36-B7F3-4EB2-95EB-51AD700314CD} = {99C42CB5-A681-448C-8457-7E5687A03990}
	EndGlobalSection
EndGlobal
